PODS:
  - BulletinBoard (2.0.0)
  - MBProgressHUD (1.0.0)
  - SSZipArchive (2.0.8)

DEPENDENCIES:
  - BulletinBoard (from `https://github.com/alexaubry/BulletinBoard.git`, branch `v2`)
  - MBProgressHUD
  - SSZipArchive

EXTERNAL SOURCES:
  BulletinBoard:
    :branch: v2
    :git: https://github.com/alexaubry/BulletinBoard.git

CHECKOUT OPTIONS:
  BulletinBoard:
    :commit: 1494ba3b235fefea38fa99ce29c2dcb0b10bd565
    :git: https://github.com/alexaubry/BulletinBoard.git

SPEC CHECKSUMS:
  BulletinBoard: 57e0b53fea8398905331175c8f3891b0d2213f87
  MBProgressHUD: 4890f671c94e8a0f3cf959aa731e9de2f036d71a
  SSZipArchive: e6ab66e1936fac7e3b5073e9f5eb364d91dfbfc7

PODFILE CHECKSUM: ee289994b0747e7571578eef817683ebdc144bbf

COCOAPODS: 1.4.0
